
Microsoft Visual Studio Solution File, Format Version 12.00
# Visual Studio Version 17
VisualStudioVersion = 17.11.35303.130
MinimumVisualStudioVersion = 10.0.40219.1
Project("{FAE04EC0-301F-11D3-BF4B-00C04F79EFBC}") = "BusMessageHandler", "BusMessageHandler.csproj", "{8749211D-990C-4AC7-8F3D-C77518B48859}"
EndProject
Project("{FAE04EC0-301F-11D3-BF4B-00C04F79EFBC}") = "DomainModel", "..\DomainModel\DomainModel.csproj", "{35FFEDD2-EB26-49C6-8684-1819C6203053}"
EndProject
Project("{FAE04EC0-301F-11D3-BF4B-00C04F79EFBC}") = "DataAccess", "..\DataAccess\DataAccess.csproj", "{0331EF78-A640-47E0-A8C2-0EB9AECF2181}"
EndProject
Global
	GlobalSection(SolutionConfigurationPlatforms) = preSolution
		Debug|Any CPU = Debug|Any CPU
		Release|Any CPU = Release|Any CPU
	EndGlobalSection
	GlobalSection(ProjectConfigurationPlatforms) = postSolution
		{8749211D-990C-4AC7-8F3D-C77518B48859}.Debug|Any CPU.ActiveCfg = Debug|Any CPU
		{8749211D-990C-4AC7-8F3D-C77518B48859}.Debug|Any CPU.Build.0 = Debug|Any CPU
		{8749211D-990C-4AC7-8F3D-C77518B48859}.Release|Any CPU.ActiveCfg = Release|Any CPU
		{8749211D-990C-4AC7-8F3D-C77518B48859}.Release|Any CPU.Build.0 = Release|Any CPU
		{35FFEDD2-EB26-49C6-8684-1819C6203053}.Debug|Any CPU.ActiveCfg = Debug|Any CPU
		{35FFEDD2-EB26-49C6-8684-1819C6203053}.Debug|Any CPU.Build.0 = Debug|Any CPU
		{35FFEDD2-EB26-49C6-8684-1819C6203053}.Release|Any CPU.ActiveCfg = Release|Any CPU
		{35FFEDD2-EB26-49C6-8684-1819C6203053}.Release|Any CPU.Build.0 = Release|Any CPU
		{0331EF78-A640-47E0-A8C2-0EB9AECF2181}.Debug|Any CPU.ActiveCfg = Debug|Any CPU
		{0331EF78-A640-47E0-A8C2-0EB9AECF2181}.Debug|Any CPU.Build.0 = Debug|Any CPU
		{0331EF78-A640-47E0-A8C2-0EB9AECF2181}.Release|Any CPU.ActiveCfg = Release|Any CPU
		{0331EF78-A640-47E0-A8C2-0EB9AECF2181}.Release|Any CPU.Build.0 = Release|Any CPU
	EndGlobalSection
	GlobalSection(SolutionProperties) = preSolution
		HideSolutionNode = FALSE
	EndGlobalSection
	GlobalSection(ExtensibilityGlobals) = postSolution
		SolutionGuid = {951BD512-0E4F-4E9D-A5A1-869B8832E395}
	EndGlobalSection
EndGlobal
